
Microsoft Visual Studio Solution File, Format Version 12.00
# Visual Studio 2015
Project("{FAE04EC0-301F-11D3-BF4B-00C04F79EFBC}") = "ItTilBoern.Plugins", "ItTilBoern.Plugins.csproj", "{1B2575FA-6262-0289-8D8C-F23D77B194AF}"
EndProject
Project("{FAE04EC0-301F-11D3-BF4B-00C04F79EFBC}") = "ItTilBoern", "ItTilBoern.csproj", "{7914A0A5-614C-1D1E-70D3-0162094362CF}"
EndProject
Project("{FAE04EC0-301F-11D3-BF4B-00C04F79EFBC}") = "ItTilBoern.Editor.Plugins", "ItTilBoern.Editor.Plugins.csproj", "{30DAA9A1-7552-5ED5-7508-FD6BC9F6A336}"
EndProject
Project("{FAE04EC0-301F-11D3-BF4B-00C04F79EFBC}") = "ItTilBoern.Editor", "ItTilBoern.Editor.csproj", "{8B789048-D3AF-6536-13A0-D1DEA8AE1E71}"
EndProject
Global
	GlobalSection(SolutionConfigurationPlatforms) = preSolution
		Debug|Any CPU = Debug|Any CPU
		Release|Any CPU = Release|Any CPU
	EndGlobalSection
	GlobalSection(ProjectConfigurationPlatforms) = postSolution
		{1B2575FA-6262-0289-8D8C-F23D77B194AF}.Debug|Any CPU.ActiveCfg = Debug|Any CPU
		{1B2575FA-6262-0289-8D8C-F23D77B194AF}.Debug|Any CPU.Build.0 = Debug|Any CPU
		{1B2575FA-6262-0289-8D8C-F23D77B194AF}.Release|Any CPU.ActiveCfg = Release|Any CPU
		{1B2575FA-6262-0289-8D8C-F23D77B194AF}.Release|Any CPU.Build.0 = Release|Any CPU
		{7914A0A5-614C-1D1E-70D3-0162094362CF}.Debug|Any CPU.ActiveCfg = Debug|Any CPU
		{7914A0A5-614C-1D1E-70D3-0162094362CF}.Debug|Any CPU.Build.0 = Debug|Any CPU
		{7914A0A5-614C-1D1E-70D3-0162094362CF}.Release|Any CPU.ActiveCfg = Release|Any CPU
		{7914A0A5-614C-1D1E-70D3-0162094362CF}.Release|Any CPU.Build.0 = Release|Any CPU
		{30DAA9A1-7552-5ED5-7508-FD6BC9F6A336}.Debug|Any CPU.ActiveCfg = Debug|Any CPU
		{30DAA9A1-7552-5ED5-7508-FD6BC9F6A336}.Debug|Any CPU.Build.0 = Debug|Any CPU
		{30DAA9A1-7552-5ED5-7508-FD6BC9F6A336}.Release|Any CPU.ActiveCfg = Release|Any CPU
		{30DAA9A1-7552-5ED5-7508-FD6BC9F6A336}.Release|Any CPU.Build.0 = Release|Any CPU
		{8B789048-D3AF-6536-13A0-D1DEA8AE1E71}.Debug|Any CPU.ActiveCfg = Debug|Any CPU
		{8B789048-D3AF-6536-13A0-D1DEA8AE1E71}.Debug|Any CPU.Build.0 = Debug|Any CPU
		{8B789048-D3AF-6536-13A0-D1DEA8AE1E71}.Release|Any CPU.ActiveCfg = Release|Any CPU
		{8B789048-D3AF-6536-13A0-D1DEA8AE1E71}.Release|Any CPU.Build.0 = Release|Any CPU
	EndGlobalSection
	GlobalSection(SolutionProperties) = preSolution
		HideSolutionNode = FALSE
	EndGlobalSection
EndGlobal
